
Microsoft Visual Studio Solution File, Format Version 12.00
# Visual Studio Version 17
VisualStudioVersion = 17.14.36414.22 d17.14
MinimumVisualStudioVersion = 10.0.40219.1
Project("{2150E333-8FDC-42A3-9474-1A3956D46DE8}") = "Task0", "Task0", "{02EA681E-C7D8-13C7-8484-4AC65E1B71E8}"
EndProject
Project("{FAE04EC0-301F-11D3-BF4B-00C04F79EFBC}") = "Tyuiu.MalkovaMS.Sprint0.Task0.V0", "Tyuiu.MalkovaMS.Sprint0.Task0.V0\Tyuiu.MalkovaMS.Sprint0.Task0.V0.csproj", "{5580766D-2DF4-41B6-8BCA-6CF90034673F}"
EndProject
Project("{2150E333-8FDC-42A3-9474-1A3956D46DE8}") = "Task1", "Task1", "{22EB38DF-998A-4DBA-9C9E-71571771563D}"
EndProject
Project("{FAE04EC0-301F-11D3-BF4B-00C04F79EFBC}") = "Tyuiu.MalkovaMS.Sprint0.Task1.V0", "Tyuiu.MalkovaMS.Sprint0.Task1.V0\Tyuiu.MalkovaMS.Sprint0.Task1.V0.csproj", "{C12D4AA1-719B-4755-A465-C37C72AE92D2}"
EndProject
Project("{2150E333-8FDC-42A3-9474-1A3956D46DE8}") = "Task2", "Task2", "{B2FF055E-D582-41FD-81B1-011699772605}"
EndProject
Project("{FAE04EC0-301F-11D3-BF4B-00C04F79EFBC}") = "Tyuiu.MalkovaMS.Sprint0.Task2.V0", "Tyuiu.MalkovaMS.Sprint0.Task2.V0\Tyuiu.MalkovaMS.Sprint0.Task2.V0.csproj", "{6B8D40B1-7FE6-490D-93AD-61F0005744B1}"
EndProject
Project("{FAE04EC0-301F-11D3-BF4B-00C04F79EFBC}") = "Tyuiu.MalkovaMS.Sprint0.Task2.V0.Lib", "Tyuiu.MalkovaMS.Sprint0.Task2.V0.Lib\Tyuiu.MalkovaMS.Sprint0.Task2.V0.Lib.csproj", "{CC19762B-55B6-49C1-AFC5-9366D37E72F7}"
EndProject
Project("{FAE04EC0-301F-11D3-BF4B-00C04F79EFBC}") = "Tyuiu.MalkovaMS.Sprint0.Task2.V0.Test", "Tyuiu.MalkovaMS.Sprint0.Task2.V0.Test\Tyuiu.MalkovaMS.Sprint0.Task2.V0.Test.csproj", "{F31128E0-C94D-4600-BC38-4B0DE31256C5}"
EndProject
Global
	GlobalSection(SolutionConfigurationPlatforms) = preSolution
		Debug|Any CPU = Debug|Any CPU
		Release|Any CPU = Release|Any CPU
	EndGlobalSection
	GlobalSection(ProjectConfigurationPlatforms) = postSolution
		{5580766D-2DF4-41B6-8BCA-6CF90034673F}.Debug|Any CPU.ActiveCfg = Debug|Any CPU
		{5580766D-2DF4-41B6-8BCA-6CF90034673F}.Debug|Any CPU.Build.0 = Debug|Any CPU
		{5580766D-2DF4-41B6-8BCA-6CF90034673F}.Release|Any CPU.ActiveCfg = Release|Any CPU
		{5580766D-2DF4-41B6-8BCA-6CF90034673F}.Release|Any CPU.Build.0 = Release|Any CPU
		{C12D4AA1-719B-4755-A465-C37C72AE92D2}.Debug|Any CPU.ActiveCfg = Debug|Any CPU
		{C12D4AA1-719B-4755-A465-C37C72AE92D2}.Debug|Any CPU.Build.0 = Debug|Any CPU
		{C12D4AA1-719B-4755-A465-C37C72AE92D2}.Release|Any CPU.ActiveCfg = Release|Any CPU
		{C12D4AA1-719B-4755-A465-C37C72AE92D2}.Release|Any CPU.Build.0 = Release|Any CPU
		{6B8D40B1-7FE6-490D-93AD-61F0005744B1}.Debug|Any CPU.ActiveCfg = Debug|Any CPU
		{6B8D40B1-7FE6-490D-93AD-61F0005744B1}.Debug|Any CPU.Build.0 = Debug|Any CPU
		{6B8D40B1-7FE6-490D-93AD-61F0005744B1}.Release|Any CPU.ActiveCfg = Release|Any CPU
		{6B8D40B1-7FE6-490D-93AD-61F0005744B1}.Release|Any CPU.Build.0 = Release|Any CPU
		{CC19762B-55B6-49C1-AFC5-9366D37E72F7}.Debug|Any CPU.ActiveCfg = Debug|Any CPU
		{CC19762B-55B6-49C1-AFC5-9366D37E72F7}.Debug|Any CPU.Build.0 = Debug|Any CPU
		{CC19762B-55B6-49C1-AFC5-9366D37E72F7}.Release|Any CPU.ActiveCfg = Release|Any CPU
		{CC19762B-55B6-49C1-AFC5-9366D37E72F7}.Release|Any CPU.Build.0 = Release|Any CPU
		{F31128E0-C94D-4600-BC38-4B0DE31256C5}.Debug|Any CPU.ActiveCfg = Debug|Any CPU
		{F31128E0-C94D-4600-BC38-4B0DE31256C5}.Debug|Any CPU.Build.0 = Debug|Any CPU
		{F31128E0-C94D-4600-BC38-4B0DE31256C5}.Release|Any CPU.ActiveCfg = Release|Any CPU
		{F31128E0-C94D-4600-BC38-4B0DE31256C5}.Release|Any CPU.Build.0 = Release|Any CPU
	EndGlobalSection
	GlobalSection(SolutionProperties) = preSolution
		HideSolutionNode = FALSE
	EndGlobalSection
	GlobalSection(NestedProjects) = preSolution
		{5580766D-2DF4-41B6-8BCA-6CF90034673F} = {02EA681E-C7D8-13C7-8484-4AC65E1B71E8}
		{C12D4AA1-719B-4755-A465-C37C72AE92D2} = {22EB38DF-998A-4DBA-9C9E-71571771563D}
		{6B8D40B1-7FE6-490D-93AD-61F0005744B1} = {B2FF055E-D582-41FD-81B1-011699772605}
		{CC19762B-55B6-49C1-AFC5-9366D37E72F7} = {B2FF055E-D582-41FD-81B1-011699772605}
		{F31128E0-C94D-4600-BC38-4B0DE31256C5} = {B2FF055E-D582-41FD-81B1-011699772605}
	EndGlobalSection
	GlobalSection(ExtensibilityGlobals) = postSolution
		SolutionGuid = {A84A9F52-AFC4-491B-8714-989C64300796}
	EndGlobalSection
EndGlobal
